[[dependencies]]
name = "@openzeppelin-contracts"
version = "5.2.0"
url = "https://soldeer-revisions.s3.amazonaws.com/@openzeppelin-contracts/5_2_0_11-01-2025_09:30:20_contracts.zip"
checksum = "6dbd0440446b2ed16ca25e9f1af08fc0c5c1e73e71fee86ae8a00daa774e3817"
integrity = "4cb7f3777f67fdf4b7d0e2f94d2f93f198b2e5dce718b7062ac7c2c83e1183bd"

[[dependencies]]
name = "@openzeppelin-contracts-upgradeable"
version = "5.2.0"
url = "https://soldeer-revisions.s3.amazonaws.com/@openzeppelin-contracts-upgradeable/5_2_0_11-01-2025_09:30:25_contracts-upgradeable.zip"
checksum = "25d9cf22b6f4d8da7975f24234eefbf6c71348464ea74c8fdd481be3811767f5"
integrity = "498747bedc3f757976da0b6125d26a63e79bb2b4dbabd8ecd2547e809a2fa27e"

[[dependencies]]
name = "create2-helpers"
version = "0.5.0"
url = "https://soldeer-revisions.s3.amazonaws.com/create2-helpers/0_5_0_13-05-2025_17:05:02_create2-helpers.zip"
checksum = "2e68e7866282a2801318145d610ea6f8bc64f5a591e1b57a27dd7d49b7adad65"
integrity = "a18fe8aa906f2840378580388d61d032095410791ce6dff1f9a86754a6755d44"

[[dependencies]]
name = "forge-std"
version = "1.9.6"
url = "https://soldeer-revisions.s3.amazonaws.com/forge-std/1_9_6_01-02-2025_20:49:10_forge-std-1.9.zip"
checksum = "55f341818321b3f925161a72fd0dcd62e4a0a4b66785a7a932bf2bfaf96fb9d1"
integrity = "e9ecdc364d152157431e5df5aa041ffddbe9bb1c1ad81634b1e72df9e23814e8"

[[dependencies]]
name = "solady"
version = "0.1.12"
url = "https://soldeer-revisions.s3.amazonaws.com/solady/0_1_12_11-03-2025_11:14:32_solady.zip"
checksum = "87d3f8c0443f6a34267c9dd8acf4f0a788379aa34b6f78d0c4c086ef0dd6a679"
integrity = "81dfe91a4a5693db197d3f77f399215f433e5ad8cad25e5e7c77d103965f44c7"
