[[dependencies]]
name = "forge-std"
version = "1.9.6"
url = "https://soldeer-revisions.s3.amazonaws.com/forge-std/1_9_6_01-02-2025_20:49:10_forge-std-1.9.zip"
checksum = "55f341818321b3f925161a72fd0dcd62e4a0a4b66785a7a932bf2bfaf96fb9d1"
integrity = "e9ecdc364d152157431e5df5aa041ffddbe9bb1c1ad81634b1e72df9e23814e8"

[[dependencies]]
name = "solady"
version = "0.1.12"
url = "https://soldeer-revisions.s3.amazonaws.com/solady/0_1_12_11-03-2025_11:14:32_solady.zip"
checksum = "87d3f8c0443f6a34267c9dd8acf4f0a788379aa34b6f78d0c4c086ef0dd6a679"
integrity = "81dfe91a4a5693db197d3f77f399215f433e5ad8cad25e5e7c77d103965f44c7"
